<?xml version="1.0" encoding="UTF-8" standalone="yes" ?>
<CodeBlocks_project_file>
	<FileVersion major="1" minor="6" />
	<Project>
		<Option title="agenda-contatos" />
		<Option compiler="gcc" />
		<Build>
			<Target title="Debug">
				<Option output="bin/Debug/agenda-contatos" prefix_auto="1" extension_auto="1" />
				<Option object_output="obj/Debug/" />
				<Option type="1" />
				<Option compiler="gcc" />
				<Compiler>
					<Add option="-g" />
					<Add option="-ansi" />
					<Add option="-Wall" />
				</Compiler>
			</Target>
		</Build>
		<Unit filename="agenda_contatos.c" />
		<Extensions />
	</Project>
</CodeBlocks_project_file>
